<?xml version="1.0" encoding="utf-8"?>
<Project ToolsVersion="4.0" xmlns="http://schemas.microsoft.com/developer/msbuild/2003">
  <ItemGroup>
    <Filter Include="Исходные файлы">
      <UniqueIdentifier>{4FC737F1-C7A5-4376-A066-2A32D752A2FF}</UniqueIdentifier>
      <Extensions>cpp;c;cc;cxx;def;odl;idl;hpj;bat;asm;asmx</Extensions>
    </Filter>
    <Filter Include="Файлы заголовков">
      <UniqueIdentifier>{93995380-89BD-4b04-88EB-625FBE52EBFB}</UniqueIdentifier>
      <Extensions>h;hh;hpp;hxx;hm;inl;inc;ipp;xsd</Extensions>
    </Filter>
    <Filter Include="Файлы ресурсов">
      <UniqueIdentifier>{67DA6AB6-F800-4c08-8B7A-83BB121AAD01}</UniqueIdentifier>
      <Extensions>rc;ico;cur;bmp;dlg;rc2;rct;bin;rgs;gif;jpg;jpeg;jpe;resx;tiff;tif;png;wav;mfcribbon-ms</Extensions>
    </Filter>
  </ItemGroup>
  <ItemGroup>
    <ClCompile Include="main.cpp">
      <Filter>Исходные файлы</Filter>
    </ClCompile>
    <ClCompile Include="primes.cpp">
      <Filter>Исходные файлы</Filter>
    </ClCompile>
  </ItemGroup>
  <ItemGroup>
    <ClInclude Include="primes.h">
      <Filter>Файлы заголовков</Filter>
    </ClInclude>
  </ItemGroup>
  <ItemGroup>
    <None Include="documentations\search\all_0.html" />
    <None Include="documentations\search\all_1.html" />
    <None Include="documentations\search\all_2.html" />
    <None Include="documentations\search\all_3.html" />
    <None Include="documentations\search\all_4.html" />
    <None Include="documentations\search\all_5.html" />
    <None Include="documentations\search\all_6.html" />
    <None Include="documentations\search\all_7.html" />
    <None Include="documentations\search\all_8.html" />
    <None Include="documentations\search\classes_0.html" />
    <None Include="documentations\search\classes_1.html" />
    <None Include="documentations\search\files_0.html" />
    <None Include="documentations\search\files_1.html" />
    <None Include="documentations\search\functions_0.html" />
    <None Include="documentations\search\functions_1.html" />
    <None Include="documentations\search\functions_2.html" />
    <None Include="documentations\search\functions_3.html" />
    <None Include="documentations\search\functions_4.html" />
    <None Include="documentations\search\functions_5.html" />
    <None Include="documentations\search\functions_6.html" />
    <None Include="documentations\search\functions_7.html" />
    <None Include="documentations\search\nomatches.html" />
    <None Include="documentations\search\typedefs_0.html" />
    <None Include="documentations\search\typedefs_1.html" />
    <None Include="documentations\annotated.html" />
    <None Include="documentations\classes.html" />
    <None Include="documentations\classPrimes.html" />
    <None Include="documentations\classPrimes_1_1Iterator.html" />
    <None Include="documentations\classPrimes_1_1Iterator-members.html" />
    <None Include="documentations\classPrimes-members.html" />
    <None Include="documentations\files.html" />
    <None Include="documentations\functions.html" />
    <None Include="documentations\functions_func.html" />
    <None Include="documentations\globals.html" />
    <None Include="documentations\globals_func.html" />
    <None Include="documentations\globals_type.html" />
    <None Include="documentations\graph_legend.html" />
    <None Include="documentations\index.html" />
    <None Include="documentations\main_8cpp.html" />
    <None Include="documentations\primes_8cpp.html" />
    <None Include="documentations\primes_8h.html" />
    <None Include="documentations\primes_8h_source.html" />
    <None Include="documentations\doxygen.css" />
    <None Include="documentations\dynsections.js" />
  </ItemGroup>
  <ItemGroup>
    <Image Include="documentations\bc_s.png">
      <Filter>Файлы ресурсов</Filter>
    </Image>
    <Image Include="documentations\bdwn.png">
      <Filter>Файлы ресурсов</Filter>
    </Image>
    <Image Include="documentations\closed.png">
      <Filter>Файлы ресурсов</Filter>
    </Image>
    <Image Include="documentations\doc.png">
      <Filter>Файлы ресурсов</Filter>
    </Image>
    <Image Include="documentations\doxygen.png">
      <Filter>Файлы ресурсов</Filter>
    </Image>
    <Image Include="documentations\folderclosed.png">
      <Filter>Файлы ресурсов</Filter>
    </Image>
    <Image Include="documentations\folderopen.png">
      <Filter>Файлы ресурсов</Filter>
    </Image>
  </ItemGroup>
</Project>